
Microsoft Visual Studio Solution File, Format Version 12.00
# Visual Studio Version 16
VisualStudioVersion = 16.0.32802.440
MinimumVisualStudioVersion = 10.0.40219.1
Project("{8BC9CEB8-8B4A-11D0-8D11-00A0C91BC942}") = "LR6_1", "LR6_1\LR6_1.vcxproj", "{C80B15BF-C314-457F-9E5D-B91C97A947DD}"
EndProject
Project("{8BC9CEB8-8B4A-11D0-8D11-00A0C91BC942}") = "LR6_2", "LR6_2\LR6_2.vcxproj", "{42DCB8BF-0DA8-4B0D-B5B9-8D91CFDE4079}"
EndProject
Project("{8BC9CEB8-8B4A-11D0-8D11-00A0C91BC942}") = "LR6_3", "LR6_3\LR6_3.vcxproj", "{65693AFC-D6F8-43F5-9216-909B095B7D1F}"
EndProject
Project("{8BC9CEB8-8B4A-11D0-8D11-00A0C91BC942}") = "LR6_6_1", "LR6_6_1\LR6_6_1.vcxproj", "{9AAB7E00-8652-4015-AF3E-9E639CE737F1}"
EndProject
Project("{8BC9CEB8-8B4A-11D0-8D11-00A0C91BC942}") = "LR6_6_2", "LR6_6_2\LR6_6_2.vcxproj", "{2728309C-9909-4474-B226-0DD7FA726632}"
EndProject
Project("{8BC9CEB8-8B4A-11D0-8D11-00A0C91BC942}") = "LR6_6_3", "LR6_6_3\LR6_6_3.vcxproj", "{FA082C9D-9104-4ACC-90C0-D1FDA5E2E849}"
EndProject
Project("{8BC9CEB8-8B4A-11D0-8D11-00A0C91BC942}") = "LR6_6_4", "LR6_6_4\LR6_6_4.vcxproj", "{7F54F49A-D86D-46A8-9E1E-FD3E96E9286F}"
EndProject
Project("{8BC9CEB8-8B4A-11D0-8D11-00A0C91BC942}") = "LR6_6_6", "LR6_6_6\LR6_6_6.vcxproj", "{F105914C-1D1C-47DB-9BC5-7A6346E5E8B2}"
EndProject
Project("{8BC9CEB8-8B4A-11D0-8D11-00A0C91BC942}") = "LR6_6_5", "LR6_6_5\LR6_6_5.vcxproj", "{CFCC44DF-1520-4ECF-9773-24AB442C49E9}"
EndProject
Global
	GlobalSection(SolutionConfigurationPlatforms) = preSolution
		Debug|x64 = Debug|x64
		Debug|x86 = Debug|x86
		Release|x64 = Release|x64
		Release|x86 = Release|x86
	EndGlobalSection
	GlobalSection(ProjectConfigurationPlatforms) = postSolution
		{C80B15BF-C314-457F-9E5D-B91C97A947DD}.Debug|x64.ActiveCfg = Debug|x64
		{C80B15BF-C314-457F-9E5D-B91C97A947DD}.Debug|x64.Build.0 = Debug|x64
		{C80B15BF-C314-457F-9E5D-B91C97A947DD}.Debug|x86.ActiveCfg = Debug|Win32
		{C80B15BF-C314-457F-9E5D-B91C97A947DD}.Debug|x86.Build.0 = Debug|Win32
		{C80B15BF-C314-457F-9E5D-B91C97A947DD}.Release|x64.ActiveCfg = Release|x64
		{C80B15BF-C314-457F-9E5D-B91C97A947DD}.Release|x64.Build.0 = Release|x64
		{C80B15BF-C314-457F-9E5D-B91C97A947DD}.Release|x86.ActiveCfg = Release|Win32
		{C80B15BF-C314-457F-9E5D-B91C97A947DD}.Release|x86.Build.0 = Release|Win32
		{42DCB8BF-0DA8-4B0D-B5B9-8D91CFDE4079}.Debug|x64.ActiveCfg = Debug|x64
		{42DCB8BF-0DA8-4B0D-B5B9-8D91CFDE4079}.Debug|x64.Build.0 = Debug|x64
		{42DCB8BF-0DA8-4B0D-B5B9-8D91CFDE4079}.Debug|x86.ActiveCfg = Debug|Win32
		{42DCB8BF-0DA8-4B0D-B5B9-8D91CFDE4079}.Debug|x86.Build.0 = Debug|Win32
		{42DCB8BF-0DA8-4B0D-B5B9-8D91CFDE4079}.Release|x64.ActiveCfg = Release|x64
		{42DCB8BF-0DA8-4B0D-B5B9-8D91CFDE4079}.Release|x64.Build.0 = Release|x64
		{42DCB8BF-0DA8-4B0D-B5B9-8D91CFDE4079}.Release|x86.ActiveCfg = Release|Win32
		{42DCB8BF-0DA8-4B0D-B5B9-8D91CFDE4079}.Release|x86.Build.0 = Release|Win32
		{65693AFC-D6F8-43F5-9216-909B095B7D1F}.Debug|x64.ActiveCfg = Debug|x64
		{65693AFC-D6F8-43F5-9216-909B095B7D1F}.Debug|x64.Build.0 = Debug|x64
		{65693AFC-D6F8-43F5-9216-909B095B7D1F}.Debug|x86.ActiveCfg = Debug|Win32
		{65693AFC-D6F8-43F5-9216-909B095B7D1F}.Debug|x86.Build.0 = Debug|Win32
		{65693AFC-D6F8-43F5-9216-909B095B7D1F}.Release|x64.ActiveCfg = Release|x64
		{65693AFC-D6F8-43F5-9216-909B095B7D1F}.Release|x64.Build.0 = Release|x64
		{65693AFC-D6F8-43F5-9216-909B095B7D1F}.Release|x86.ActiveCfg = Release|Win32
		{65693AFC-D6F8-43F5-9216-909B095B7D1F}.Release|x86.Build.0 = Release|Win32
		{9AAB7E00-8652-4015-AF3E-9E639CE737F1}.Debug|x64.ActiveCfg = Debug|x64
		{9AAB7E00-8652-4015-AF3E-9E639CE737F1}.Debug|x64.Build.0 = Debug|x64
		{9AAB7E00-8652-4015-AF3E-9E639CE737F1}.Debug|x86.ActiveCfg = Debug|Win32
		{9AAB7E00-8652-4015-AF3E-9E639CE737F1}.Debug|x86.Build.0 = Debug|Win32
		{9AAB7E00-8652-4015-AF3E-9E639CE737F1}.Release|x64.ActiveCfg = Release|x64
		{9AAB7E00-8652-4015-AF3E-9E639CE737F1}.Release|x64.Build.0 = Release|x64
		{9AAB7E00-8652-4015-AF3E-9E639CE737F1}.Release|x86.ActiveCfg = Release|Win32
		{9AAB7E00-8652-4015-AF3E-9E639CE737F1}.Release|x86.Build.0 = Release|Win32
		{2728309C-9909-4474-B226-0DD7FA726632}.Debug|x64.ActiveCfg = Debug|x64
		{2728309C-9909-4474-B226-0DD7FA726632}.Debug|x64.Build.0 = Debug|x64
		{2728309C-9909-4474-B226-0DD7FA726632}.Debug|x86.ActiveCfg = Debug|Win32
		{2728309C-9909-4474-B226-0DD7FA726632}.Debug|x86.Build.0 = Debug|Win32
		{2728309C-9909-4474-B226-0DD7FA726632}.Release|x64.ActiveCfg = Release|x64
		{2728309C-9909-4474-B226-0DD7FA726632}.Release|x64.Build.0 = Release|x64
		{2728309C-9909-4474-B226-0DD7FA726632}.Release|x86.ActiveCfg = Release|Win32
		{2728309C-9909-4474-B226-0DD7FA726632}.Release|x86.Build.0 = Release|Win32
		{FA082C9D-9104-4ACC-90C0-D1FDA5E2E849}.Debug|x64.ActiveCfg = Debug|x64
		{FA082C9D-9104-4ACC-90C0-D1FDA5E2E849}.Debug|x64.Build.0 = Debug|x64
		{FA082C9D-9104-4ACC-90C0-D1FDA5E2E849}.Debug|x86.ActiveCfg = Debug|Win32
		{FA082C9D-9104-4ACC-90C0-D1FDA5E2E849}.Debug|x86.Build.0 = Debug|Win32
		{FA082C9D-9104-4ACC-90C0-D1FDA5E2E849}.Release|x64.ActiveCfg = Release|x64
		{FA082C9D-9104-4ACC-90C0-D1FDA5E2E849}.Release|x64.Build.0 = Release|x64
		{FA082C9D-9104-4ACC-90C0-D1FDA5E2E849}.Release|x86.ActiveCfg = Release|Win32
		{FA082C9D-9104-4ACC-90C0-D1FDA5E2E849}.Release|x86.Build.0 = Release|Win32
		{7F54F49A-D86D-46A8-9E1E-FD3E96E9286F}.Debug|x64.ActiveCfg = Debug|x64
		{7F54F49A-D86D-46A8-9E1E-FD3E96E9286F}.Debug|x64.Build.0 = Debug|x64
		{7F54F49A-D86D-46A8-9E1E-FD3E96E9286F}.Debug|x86.ActiveCfg = Debug|Win32
		{7F54F49A-D86D-46A8-9E1E-FD3E96E9286F}.Debug|x86.Build.0 = Debug|Win32
		{7F54F49A-D86D-46A8-9E1E-FD3E96E9286F}.Release|x64.ActiveCfg = Release|x64
		{7F54F49A-D86D-46A8-9E1E-FD3E96E9286F}.Release|x64.Build.0 = Release|x64
		{7F54F49A-D86D-46A8-9E1E-FD3E96E9286F}.Release|x86.ActiveCfg = Release|Win32
		{7F54F49A-D86D-46A8-9E1E-FD3E96E9286F}.Release|x86.Build.0 = Release|Win32
		{F105914C-1D1C-47DB-9BC5-7A6346E5E8B2}.Debug|x64.ActiveCfg = Debug|x64
		{F105914C-1D1C-47DB-9BC5-7A6346E5E8B2}.Debug|x64.Build.0 = Debug|x64
		{F105914C-1D1C-47DB-9BC5-7A6346E5E8B2}.Debug|x86.ActiveCfg = Debug|Win32
		{F105914C-1D1C-47DB-9BC5-7A6346E5E8B2}.Debug|x86.Build.0 = Debug|Win32
		{F105914C-1D1C-47DB-9BC5-7A6346E5E8B2}.Release|x64.ActiveCfg = Release|x64
		{F105914C-1D1C-47DB-9BC5-7A6346E5E8B2}.Release|x64.Build.0 = Release|x64
		{F105914C-1D1C-47DB-9BC5-7A6346E5E8B2}.Release|x86.ActiveCfg = Release|Win32
		{F105914C-1D1C-47DB-9BC5-7A6346E5E8B2}.Release|x86.Build.0 = Release|Win32
		{CFCC44DF-1520-4ECF-9773-24AB442C49E9}.Debug|x64.ActiveCfg = Debug|x64
		{CFCC44DF-1520-4ECF-9773-24AB442C49E9}.Debug|x64.Build.0 = Debug|x64
		{CFCC44DF-1520-4ECF-9773-24AB442C49E9}.Debug|x86.ActiveCfg = Debug|Win32
		{CFCC44DF-1520-4ECF-9773-24AB442C49E9}.Debug|x86.Build.0 = Debug|Win32
		{CFCC44DF-1520-4ECF-9773-24AB442C49E9}.Release|x64.ActiveCfg = Release|x64
		{CFCC44DF-1520-4ECF-9773-24AB442C49E9}.Release|x64.Build.0 = Release|x64
		{CFCC44DF-1520-4ECF-9773-24AB442C49E9}.Release|x86.ActiveCfg = Release|Win32
		{CFCC44DF-1520-4ECF-9773-24AB442C49E9}.Release|x86.Build.0 = Release|Win32
	EndGlobalSection
	GlobalSection(SolutionProperties) = preSolution
		HideSolutionNode = FALSE
	EndGlobalSection
	GlobalSection(ExtensibilityGlobals) = postSolution
		SolutionGuid = {759D07FB-DAEF-4BDF-858D-2A66BADBAFCC}
	EndGlobalSection
EndGlobal
