
Microsoft Visual Studio Solution File, Format Version 12.00
# Visual Studio Version 16
VisualStudioVersion = 16.0.32802.440
MinimumVisualStudioVersion = 10.0.40219.1
Project("{8BC9CEB8-8B4A-11D0-8D11-00A0C91BC942}") = "LR12_v8_1", "LR12_v8_1\LR12_v8_1.vcxproj", "{52CD6EB5-5DD2-4FD3-A0C5-EF04E5F11E79}"
EndProject
Project("{8BC9CEB8-8B4A-11D0-8D11-00A0C91BC942}") = "LR12_v8_2", "LR12_v8_2\LR12_v8_2.vcxproj", "{02D4132E-ACA8-4F10-BAC8-88F22AFFAA49}"
EndProject
Project("{8BC9CEB8-8B4A-11D0-8D11-00A0C91BC942}") = "LR12_v2_1", "LR12_v2_1\LR12_v2_1.vcxproj", "{539BC879-A8BA-4C1D-810A-B66EE328E3AF}"
EndProject
Project("{8BC9CEB8-8B4A-11D0-8D11-00A0C91BC942}") = "LR12_v2_2", "LR12_v2_2\LR12_v2_2.vcxproj", "{EE982051-08F7-4761-AC0C-B1DCC08ED19A}"
EndProject
Project("{8BC9CEB8-8B4A-11D0-8D11-00A0C91BC942}") = "LR12_v5_1", "LR12_v5_1\LR12_v5_1.vcxproj", "{FCAE4988-50F1-4519-A699-1A94B6D2EC8D}"
EndProject
Project("{8BC9CEB8-8B4A-11D0-8D11-00A0C91BC942}") = "LR12_v5_2", "LR12_v5_2\LR12_v5_2.vcxproj", "{92F21CB6-FC25-4BB3-B021-7436B8C69208}"
EndProject
Project("{8BC9CEB8-8B4A-11D0-8D11-00A0C91BC942}") = "LR12_v3_1", "LR12_v3_1\LR12_v3_1.vcxproj", "{34DC7031-131B-4723-B0D3-D570EC4B152D}"
EndProject
Project("{8BC9CEB8-8B4A-11D0-8D11-00A0C91BC942}") = "LR12_v3_2", "LR12_v3_2\LR12_v3_2.vcxproj", "{9A2B7DC3-D12D-475D-9A10-E45143E55779}"
EndProject
Global
	GlobalSection(SolutionConfigurationPlatforms) = preSolution
		Debug|x64 = Debug|x64
		Debug|x86 = Debug|x86
		Release|x64 = Release|x64
		Release|x86 = Release|x86
	EndGlobalSection
	GlobalSection(ProjectConfigurationPlatforms) = postSolution
		{52CD6EB5-5DD2-4FD3-A0C5-EF04E5F11E79}.Debug|x64.ActiveCfg = Debug|x64
		{52CD6EB5-5DD2-4FD3-A0C5-EF04E5F11E79}.Debug|x64.Build.0 = Debug|x64
		{52CD6EB5-5DD2-4FD3-A0C5-EF04E5F11E79}.Debug|x86.ActiveCfg = Debug|Win32
		{52CD6EB5-5DD2-4FD3-A0C5-EF04E5F11E79}.Debug|x86.Build.0 = Debug|Win32
		{52CD6EB5-5DD2-4FD3-A0C5-EF04E5F11E79}.Release|x64.ActiveCfg = Release|x64
		{52CD6EB5-5DD2-4FD3-A0C5-EF04E5F11E79}.Release|x64.Build.0 = Release|x64
		{52CD6EB5-5DD2-4FD3-A0C5-EF04E5F11E79}.Release|x86.ActiveCfg = Release|Win32
		{52CD6EB5-5DD2-4FD3-A0C5-EF04E5F11E79}.Release|x86.Build.0 = Release|Win32
		{02D4132E-ACA8-4F10-BAC8-88F22AFFAA49}.Debug|x64.ActiveCfg = Debug|x64
		{02D4132E-ACA8-4F10-BAC8-88F22AFFAA49}.Debug|x64.Build.0 = Debug|x64
		{02D4132E-ACA8-4F10-BAC8-88F22AFFAA49}.Debug|x86.ActiveCfg = Debug|Win32
		{02D4132E-ACA8-4F10-BAC8-88F22AFFAA49}.Debug|x86.Build.0 = Debug|Win32
		{02D4132E-ACA8-4F10-BAC8-88F22AFFAA49}.Release|x64.ActiveCfg = Release|x64
		{02D4132E-ACA8-4F10-BAC8-88F22AFFAA49}.Release|x64.Build.0 = Release|x64
		{02D4132E-ACA8-4F10-BAC8-88F22AFFAA49}.Release|x86.ActiveCfg = Release|Win32
		{02D4132E-ACA8-4F10-BAC8-88F22AFFAA49}.Release|x86.Build.0 = Release|Win32
		{539BC879-A8BA-4C1D-810A-B66EE328E3AF}.Debug|x64.ActiveCfg = Debug|x64
		{539BC879-A8BA-4C1D-810A-B66EE328E3AF}.Debug|x64.Build.0 = Debug|x64
		{539BC879-A8BA-4C1D-810A-B66EE328E3AF}.Debug|x86.ActiveCfg = Debug|Win32
		{539BC879-A8BA-4C1D-810A-B66EE328E3AF}.Debug|x86.Build.0 = Debug|Win32
		{539BC879-A8BA-4C1D-810A-B66EE328E3AF}.Release|x64.ActiveCfg = Release|x64
		{539BC879-A8BA-4C1D-810A-B66EE328E3AF}.Release|x64.Build.0 = Release|x64
		{539BC879-A8BA-4C1D-810A-B66EE328E3AF}.Release|x86.ActiveCfg = Release|Win32
		{539BC879-A8BA-4C1D-810A-B66EE328E3AF}.Release|x86.Build.0 = Release|Win32
		{EE982051-08F7-4761-AC0C-B1DCC08ED19A}.Debug|x64.ActiveCfg = Debug|x64
		{EE982051-08F7-4761-AC0C-B1DCC08ED19A}.Debug|x64.Build.0 = Debug|x64
		{EE982051-08F7-4761-AC0C-B1DCC08ED19A}.Debug|x86.ActiveCfg = Debug|Win32
		{EE982051-08F7-4761-AC0C-B1DCC08ED19A}.Debug|x86.Build.0 = Debug|Win32
		{EE982051-08F7-4761-AC0C-B1DCC08ED19A}.Release|x64.ActiveCfg = Release|x64
		{EE982051-08F7-4761-AC0C-B1DCC08ED19A}.Release|x64.Build.0 = Release|x64
		{EE982051-08F7-4761-AC0C-B1DCC08ED19A}.Release|x86.ActiveCfg = Release|Win32
		{EE982051-08F7-4761-AC0C-B1DCC08ED19A}.Release|x86.Build.0 = Release|Win32
		{FCAE4988-50F1-4519-A699-1A94B6D2EC8D}.Debug|x64.ActiveCfg = Debug|x64
		{FCAE4988-50F1-4519-A699-1A94B6D2EC8D}.Debug|x64.Build.0 = Debug|x64
		{FCAE4988-50F1-4519-A699-1A94B6D2EC8D}.Debug|x86.ActiveCfg = Debug|Win32
		{FCAE4988-50F1-4519-A699-1A94B6D2EC8D}.Debug|x86.Build.0 = Debug|Win32
		{FCAE4988-50F1-4519-A699-1A94B6D2EC8D}.Release|x64.ActiveCfg = Release|x64
		{FCAE4988-50F1-4519-A699-1A94B6D2EC8D}.Release|x64.Build.0 = Release|x64
		{FCAE4988-50F1-4519-A699-1A94B6D2EC8D}.Release|x86.ActiveCfg = Release|Win32
		{FCAE4988-50F1-4519-A699-1A94B6D2EC8D}.Release|x86.Build.0 = Release|Win32
		{92F21CB6-FC25-4BB3-B021-7436B8C69208}.Debug|x64.ActiveCfg = Debug|x64
		{92F21CB6-FC25-4BB3-B021-7436B8C69208}.Debug|x64.Build.0 = Debug|x64
		{92F21CB6-FC25-4BB3-B021-7436B8C69208}.Debug|x86.ActiveCfg = Debug|Win32
		{92F21CB6-FC25-4BB3-B021-7436B8C69208}.Debug|x86.Build.0 = Debug|Win32
		{92F21CB6-FC25-4BB3-B021-7436B8C69208}.Release|x64.ActiveCfg = Release|x64
		{92F21CB6-FC25-4BB3-B021-7436B8C69208}.Release|x64.Build.0 = Release|x64
		{92F21CB6-FC25-4BB3-B021-7436B8C69208}.Release|x86.ActiveCfg = Release|Win32
		{92F21CB6-FC25-4BB3-B021-7436B8C69208}.Release|x86.Build.0 = Release|Win32
		{34DC7031-131B-4723-B0D3-D570EC4B152D}.Debug|x64.ActiveCfg = Debug|x64
		{34DC7031-131B-4723-B0D3-D570EC4B152D}.Debug|x64.Build.0 = Debug|x64
		{34DC7031-131B-4723-B0D3-D570EC4B152D}.Debug|x86.ActiveCfg = Debug|Win32
		{34DC7031-131B-4723-B0D3-D570EC4B152D}.Debug|x86.Build.0 = Debug|Win32
		{34DC7031-131B-4723-B0D3-D570EC4B152D}.Release|x64.ActiveCfg = Release|x64
		{34DC7031-131B-4723-B0D3-D570EC4B152D}.Release|x64.Build.0 = Release|x64
		{34DC7031-131B-4723-B0D3-D570EC4B152D}.Release|x86.ActiveCfg = Release|Win32
		{34DC7031-131B-4723-B0D3-D570EC4B152D}.Release|x86.Build.0 = Release|Win32
		{9A2B7DC3-D12D-475D-9A10-E45143E55779}.Debug|x64.ActiveCfg = Debug|x64
		{9A2B7DC3-D12D-475D-9A10-E45143E55779}.Debug|x64.Build.0 = Debug|x64
		{9A2B7DC3-D12D-475D-9A10-E45143E55779}.Debug|x86.ActiveCfg = Debug|Win32
		{9A2B7DC3-D12D-475D-9A10-E45143E55779}.Debug|x86.Build.0 = Debug|Win32
		{9A2B7DC3-D12D-475D-9A10-E45143E55779}.Release|x64.ActiveCfg = Release|x64
		{9A2B7DC3-D12D-475D-9A10-E45143E55779}.Release|x64.Build.0 = Release|x64
		{9A2B7DC3-D12D-475D-9A10-E45143E55779}.Release|x86.ActiveCfg = Release|Win32
		{9A2B7DC3-D12D-475D-9A10-E45143E55779}.Release|x86.Build.0 = Release|Win32
	EndGlobalSection
	GlobalSection(SolutionProperties) = preSolution
		HideSolutionNode = FALSE
	EndGlobalSection
	GlobalSection(ExtensibilityGlobals) = postSolution
		SolutionGuid = {B3452FF1-EB2A-45AE-BBC9-70323F6D6282}
	EndGlobalSection
EndGlobal
