
Microsoft Visual Studio Solution File, Format Version 12.00
# Visual Studio Version 16
VisualStudioVersion = 16.0.32802.440
MinimumVisualStudioVersion = 10.0.40219.1
Project("{8BC9CEB8-8B4A-11D0-8D11-00A0C91BC942}") = "LR8_6_1", "LR8_6_1\LR8_6_1.vcxproj", "{47CA7FC8-4B0A-4493-8578-E7FDB64AA8B6}"
EndProject
Project("{8BC9CEB8-8B4A-11D0-8D11-00A0C91BC942}") = "LR8_6_2", "LR8_6_2\LR8_6_2.vcxproj", "{0DE04AC6-50C4-4F28-AB9E-29752386111B}"
EndProject
Project("{8BC9CEB8-8B4A-11D0-8D11-00A0C91BC942}") = "LR8_6_4", "LR8_6_3\LR8_6_3.vcxproj", "{9D7D5971-2648-4778-97BE-8CEB14C4BFF0}"
EndProject
Project("{8BC9CEB8-8B4A-11D0-8D11-00A0C91BC942}") = "LR8_v8_1", "LR8_8\LR8_8.vcxproj", "{37037559-624D-4A87-A727-42F61F04E1CA}"
EndProject
Project("{8BC9CEB8-8B4A-11D0-8D11-00A0C91BC942}") = "LR8_v8_2", "LR8_v8_2\LR8_v8_2.vcxproj", "{8B7D291B-7A7C-44DB-9DC7-84CBE3E6BDF8}"
EndProject
Project("{8BC9CEB8-8B4A-11D0-8D11-00A0C91BC942}") = "LR8_v7_1", "LR8_v7_1\LR8_v7_1.vcxproj", "{3AE6ADD6-2D67-425C-81E1-5BFFCD5172B1}"
EndProject
Project("{8BC9CEB8-8B4A-11D0-8D11-00A0C91BC942}") = "LR8_v7_2", "LR8_v7_2\LR8_v7_2.vcxproj", "{733FDC66-E99F-4A58-B3A9-CAC89F28AFF0}"
EndProject
Global
	GlobalSection(SolutionConfigurationPlatforms) = preSolution
		Debug|x64 = Debug|x64
		Debug|x86 = Debug|x86
		Release|x64 = Release|x64
		Release|x86 = Release|x86
	EndGlobalSection
	GlobalSection(ProjectConfigurationPlatforms) = postSolution
		{47CA7FC8-4B0A-4493-8578-E7FDB64AA8B6}.Debug|x64.ActiveCfg = Debug|x64
		{47CA7FC8-4B0A-4493-8578-E7FDB64AA8B6}.Debug|x64.Build.0 = Debug|x64
		{47CA7FC8-4B0A-4493-8578-E7FDB64AA8B6}.Debug|x86.ActiveCfg = Debug|Win32
		{47CA7FC8-4B0A-4493-8578-E7FDB64AA8B6}.Debug|x86.Build.0 = Debug|Win32
		{47CA7FC8-4B0A-4493-8578-E7FDB64AA8B6}.Release|x64.ActiveCfg = Release|x64
		{47CA7FC8-4B0A-4493-8578-E7FDB64AA8B6}.Release|x64.Build.0 = Release|x64
		{47CA7FC8-4B0A-4493-8578-E7FDB64AA8B6}.Release|x86.ActiveCfg = Release|Win32
		{47CA7FC8-4B0A-4493-8578-E7FDB64AA8B6}.Release|x86.Build.0 = Release|Win32
		{0DE04AC6-50C4-4F28-AB9E-29752386111B}.Debug|x64.ActiveCfg = Debug|x64
		{0DE04AC6-50C4-4F28-AB9E-29752386111B}.Debug|x64.Build.0 = Debug|x64
		{0DE04AC6-50C4-4F28-AB9E-29752386111B}.Debug|x86.ActiveCfg = Debug|Win32
		{0DE04AC6-50C4-4F28-AB9E-29752386111B}.Debug|x86.Build.0 = Debug|Win32
		{0DE04AC6-50C4-4F28-AB9E-29752386111B}.Release|x64.ActiveCfg = Release|x64
		{0DE04AC6-50C4-4F28-AB9E-29752386111B}.Release|x64.Build.0 = Release|x64
		{0DE04AC6-50C4-4F28-AB9E-29752386111B}.Release|x86.ActiveCfg = Release|Win32
		{0DE04AC6-50C4-4F28-AB9E-29752386111B}.Release|x86.Build.0 = Release|Win32
		{9D7D5971-2648-4778-97BE-8CEB14C4BFF0}.Debug|x64.ActiveCfg = Debug|x64
		{9D7D5971-2648-4778-97BE-8CEB14C4BFF0}.Debug|x64.Build.0 = Debug|x64
		{9D7D5971-2648-4778-97BE-8CEB14C4BFF0}.Debug|x86.ActiveCfg = Debug|Win32
		{9D7D5971-2648-4778-97BE-8CEB14C4BFF0}.Debug|x86.Build.0 = Debug|Win32
		{9D7D5971-2648-4778-97BE-8CEB14C4BFF0}.Release|x64.ActiveCfg = Release|x64
		{9D7D5971-2648-4778-97BE-8CEB14C4BFF0}.Release|x64.Build.0 = Release|x64
		{9D7D5971-2648-4778-97BE-8CEB14C4BFF0}.Release|x86.ActiveCfg = Release|Win32
		{9D7D5971-2648-4778-97BE-8CEB14C4BFF0}.Release|x86.Build.0 = Release|Win32
		{37037559-624D-4A87-A727-42F61F04E1CA}.Debug|x64.ActiveCfg = Debug|x64
		{37037559-624D-4A87-A727-42F61F04E1CA}.Debug|x64.Build.0 = Debug|x64
		{37037559-624D-4A87-A727-42F61F04E1CA}.Debug|x86.ActiveCfg = Debug|Win32
		{37037559-624D-4A87-A727-42F61F04E1CA}.Debug|x86.Build.0 = Debug|Win32
		{37037559-624D-4A87-A727-42F61F04E1CA}.Release|x64.ActiveCfg = Release|x64
		{37037559-624D-4A87-A727-42F61F04E1CA}.Release|x64.Build.0 = Release|x64
		{37037559-624D-4A87-A727-42F61F04E1CA}.Release|x86.ActiveCfg = Release|Win32
		{37037559-624D-4A87-A727-42F61F04E1CA}.Release|x86.Build.0 = Release|Win32
		{8B7D291B-7A7C-44DB-9DC7-84CBE3E6BDF8}.Debug|x64.ActiveCfg = Debug|x64
		{8B7D291B-7A7C-44DB-9DC7-84CBE3E6BDF8}.Debug|x64.Build.0 = Debug|x64
		{8B7D291B-7A7C-44DB-9DC7-84CBE3E6BDF8}.Debug|x86.ActiveCfg = Debug|Win32
		{8B7D291B-7A7C-44DB-9DC7-84CBE3E6BDF8}.Debug|x86.Build.0 = Debug|Win32
		{8B7D291B-7A7C-44DB-9DC7-84CBE3E6BDF8}.Release|x64.ActiveCfg = Release|x64
		{8B7D291B-7A7C-44DB-9DC7-84CBE3E6BDF8}.Release|x64.Build.0 = Release|x64
		{8B7D291B-7A7C-44DB-9DC7-84CBE3E6BDF8}.Release|x86.ActiveCfg = Release|Win32
		{8B7D291B-7A7C-44DB-9DC7-84CBE3E6BDF8}.Release|x86.Build.0 = Release|Win32
		{3AE6ADD6-2D67-425C-81E1-5BFFCD5172B1}.Debug|x64.ActiveCfg = Debug|x64
		{3AE6ADD6-2D67-425C-81E1-5BFFCD5172B1}.Debug|x64.Build.0 = Debug|x64
		{3AE6ADD6-2D67-425C-81E1-5BFFCD5172B1}.Debug|x86.ActiveCfg = Debug|Win32
		{3AE6ADD6-2D67-425C-81E1-5BFFCD5172B1}.Debug|x86.Build.0 = Debug|Win32
		{3AE6ADD6-2D67-425C-81E1-5BFFCD5172B1}.Release|x64.ActiveCfg = Release|x64
		{3AE6ADD6-2D67-425C-81E1-5BFFCD5172B1}.Release|x64.Build.0 = Release|x64
		{3AE6ADD6-2D67-425C-81E1-5BFFCD5172B1}.Release|x86.ActiveCfg = Release|Win32
		{3AE6ADD6-2D67-425C-81E1-5BFFCD5172B1}.Release|x86.Build.0 = Release|Win32
		{733FDC66-E99F-4A58-B3A9-CAC89F28AFF0}.Debug|x64.ActiveCfg = Debug|x64
		{733FDC66-E99F-4A58-B3A9-CAC89F28AFF0}.Debug|x64.Build.0 = Debug|x64
		{733FDC66-E99F-4A58-B3A9-CAC89F28AFF0}.Debug|x86.ActiveCfg = Debug|Win32
		{733FDC66-E99F-4A58-B3A9-CAC89F28AFF0}.Debug|x86.Build.0 = Debug|Win32
		{733FDC66-E99F-4A58-B3A9-CAC89F28AFF0}.Release|x64.ActiveCfg = Release|x64
		{733FDC66-E99F-4A58-B3A9-CAC89F28AFF0}.Release|x64.Build.0 = Release|x64
		{733FDC66-E99F-4A58-B3A9-CAC89F28AFF0}.Release|x86.ActiveCfg = Release|Win32
		{733FDC66-E99F-4A58-B3A9-CAC89F28AFF0}.Release|x86.Build.0 = Release|Win32
	EndGlobalSection
	GlobalSection(SolutionProperties) = preSolution
		HideSolutionNode = FALSE
	EndGlobalSection
	GlobalSection(ExtensibilityGlobals) = postSolution
		SolutionGuid = {31FD26EB-080D-40B6-9F3C-165AF045DBA3}
	EndGlobalSection
EndGlobal
