
Microsoft Visual Studio Solution File, Format Version 12.00
# Visual Studio Version 16
VisualStudioVersion = 16.0.32802.440
MinimumVisualStudioVersion = 10.0.40219.1
Project("{8BC9CEB8-8B4A-11D0-8D11-00A0C91BC942}") = "LR5_4", "LR5_1\LR5_1.vcxproj", "{B77F1F85-FB30-4F1D-919F-A7F144A8E95A}"
EndProject
Project("{8BC9CEB8-8B4A-11D0-8D11-00A0C91BC942}") = "LR5_5", "LR5_5\LR5_5.vcxproj", "{18B819EC-44CE-42EB-9208-33B65F05F365}"
EndProject
Project("{8BC9CEB8-8B4A-11D0-8D11-00A0C91BC942}") = "LR5_6", "LR5_6\LR5_6.vcxproj", "{76765FC1-1D43-43BA-8678-763BBA7EE0AF}"
EndProject
Project("{8BC9CEB8-8B4A-11D0-8D11-00A0C91BC942}") = "LR5_7_1", "LR5_7_1\LR5_7_1.vcxproj", "{6D572534-4A70-46BE-AF5D-8FD19E3383C9}"
EndProject
Project("{8BC9CEB8-8B4A-11D0-8D11-00A0C91BC942}") = "LR5_7_2", "LR5_7_2\LR5_7_2.vcxproj", "{162D8366-5E25-46E9-A5DB-5243FEB51918}"
EndProject
Project("{8BC9CEB8-8B4A-11D0-8D11-00A0C91BC942}") = "LR5_7_3", "LR5_7_3\LR5_7_3.vcxproj", "{00824D3A-7144-487C-8F1E-08EB6DAB80B3}"
EndProject
Project("{8BC9CEB8-8B4A-11D0-8D11-00A0C91BC942}") = "LR5_7_4", "LR5_7_4\LR5_7_4.vcxproj", "{67B44812-8C16-415A-9C42-5042FEEFA106}"
EndProject
Project("{8BC9CEB8-8B4A-11D0-8D11-00A0C91BC942}") = "LR5_7_5", "LR5_7_5\LR5_7_5.vcxproj", "{F3FF4E7F-169B-430F-A1FE-4190AD307A58}"
EndProject
Global
	GlobalSection(SolutionConfigurationPlatforms) = preSolution
		Debug|x64 = Debug|x64
		Debug|x86 = Debug|x86
		Release|x64 = Release|x64
		Release|x86 = Release|x86
	EndGlobalSection
	GlobalSection(ProjectConfigurationPlatforms) = postSolution
		{B77F1F85-FB30-4F1D-919F-A7F144A8E95A}.Debug|x64.ActiveCfg = Debug|x64
		{B77F1F85-FB30-4F1D-919F-A7F144A8E95A}.Debug|x64.Build.0 = Debug|x64
		{B77F1F85-FB30-4F1D-919F-A7F144A8E95A}.Debug|x86.ActiveCfg = Debug|Win32
		{B77F1F85-FB30-4F1D-919F-A7F144A8E95A}.Debug|x86.Build.0 = Debug|Win32
		{B77F1F85-FB30-4F1D-919F-A7F144A8E95A}.Release|x64.ActiveCfg = Release|x64
		{B77F1F85-FB30-4F1D-919F-A7F144A8E95A}.Release|x64.Build.0 = Release|x64
		{B77F1F85-FB30-4F1D-919F-A7F144A8E95A}.Release|x86.ActiveCfg = Release|Win32
		{B77F1F85-FB30-4F1D-919F-A7F144A8E95A}.Release|x86.Build.0 = Release|Win32
		{18B819EC-44CE-42EB-9208-33B65F05F365}.Debug|x64.ActiveCfg = Debug|x64
		{18B819EC-44CE-42EB-9208-33B65F05F365}.Debug|x64.Build.0 = Debug|x64
		{18B819EC-44CE-42EB-9208-33B65F05F365}.Debug|x86.ActiveCfg = Debug|Win32
		{18B819EC-44CE-42EB-9208-33B65F05F365}.Debug|x86.Build.0 = Debug|Win32
		{18B819EC-44CE-42EB-9208-33B65F05F365}.Release|x64.ActiveCfg = Release|x64
		{18B819EC-44CE-42EB-9208-33B65F05F365}.Release|x64.Build.0 = Release|x64
		{18B819EC-44CE-42EB-9208-33B65F05F365}.Release|x86.ActiveCfg = Release|Win32
		{18B819EC-44CE-42EB-9208-33B65F05F365}.Release|x86.Build.0 = Release|Win32
		{76765FC1-1D43-43BA-8678-763BBA7EE0AF}.Debug|x64.ActiveCfg = Debug|x64
		{76765FC1-1D43-43BA-8678-763BBA7EE0AF}.Debug|x64.Build.0 = Debug|x64
		{76765FC1-1D43-43BA-8678-763BBA7EE0AF}.Debug|x86.ActiveCfg = Debug|Win32
		{76765FC1-1D43-43BA-8678-763BBA7EE0AF}.Debug|x86.Build.0 = Debug|Win32
		{76765FC1-1D43-43BA-8678-763BBA7EE0AF}.Release|x64.ActiveCfg = Release|x64
		{76765FC1-1D43-43BA-8678-763BBA7EE0AF}.Release|x64.Build.0 = Release|x64
		{76765FC1-1D43-43BA-8678-763BBA7EE0AF}.Release|x86.ActiveCfg = Release|Win32
		{76765FC1-1D43-43BA-8678-763BBA7EE0AF}.Release|x86.Build.0 = Release|Win32
		{6D572534-4A70-46BE-AF5D-8FD19E3383C9}.Debug|x64.ActiveCfg = Debug|x64
		{6D572534-4A70-46BE-AF5D-8FD19E3383C9}.Debug|x64.Build.0 = Debug|x64
		{6D572534-4A70-46BE-AF5D-8FD19E3383C9}.Debug|x86.ActiveCfg = Debug|Win32
		{6D572534-4A70-46BE-AF5D-8FD19E3383C9}.Debug|x86.Build.0 = Debug|Win32
		{6D572534-4A70-46BE-AF5D-8FD19E3383C9}.Release|x64.ActiveCfg = Release|x64
		{6D572534-4A70-46BE-AF5D-8FD19E3383C9}.Release|x64.Build.0 = Release|x64
		{6D572534-4A70-46BE-AF5D-8FD19E3383C9}.Release|x86.ActiveCfg = Release|Win32
		{6D572534-4A70-46BE-AF5D-8FD19E3383C9}.Release|x86.Build.0 = Release|Win32
		{162D8366-5E25-46E9-A5DB-5243FEB51918}.Debug|x64.ActiveCfg = Debug|x64
		{162D8366-5E25-46E9-A5DB-5243FEB51918}.Debug|x64.Build.0 = Debug|x64
		{162D8366-5E25-46E9-A5DB-5243FEB51918}.Debug|x86.ActiveCfg = Debug|Win32
		{162D8366-5E25-46E9-A5DB-5243FEB51918}.Debug|x86.Build.0 = Debug|Win32
		{162D8366-5E25-46E9-A5DB-5243FEB51918}.Release|x64.ActiveCfg = Release|x64
		{162D8366-5E25-46E9-A5DB-5243FEB51918}.Release|x64.Build.0 = Release|x64
		{162D8366-5E25-46E9-A5DB-5243FEB51918}.Release|x86.ActiveCfg = Release|Win32
		{162D8366-5E25-46E9-A5DB-5243FEB51918}.Release|x86.Build.0 = Release|Win32
		{00824D3A-7144-487C-8F1E-08EB6DAB80B3}.Debug|x64.ActiveCfg = Debug|x64
		{00824D3A-7144-487C-8F1E-08EB6DAB80B3}.Debug|x64.Build.0 = Debug|x64
		{00824D3A-7144-487C-8F1E-08EB6DAB80B3}.Debug|x86.ActiveCfg = Debug|Win32
		{00824D3A-7144-487C-8F1E-08EB6DAB80B3}.Debug|x86.Build.0 = Debug|Win32
		{00824D3A-7144-487C-8F1E-08EB6DAB80B3}.Release|x64.ActiveCfg = Release|x64
		{00824D3A-7144-487C-8F1E-08EB6DAB80B3}.Release|x64.Build.0 = Release|x64
		{00824D3A-7144-487C-8F1E-08EB6DAB80B3}.Release|x86.ActiveCfg = Release|Win32
		{00824D3A-7144-487C-8F1E-08EB6DAB80B3}.Release|x86.Build.0 = Release|Win32
		{67B44812-8C16-415A-9C42-5042FEEFA106}.Debug|x64.ActiveCfg = Debug|x64
		{67B44812-8C16-415A-9C42-5042FEEFA106}.Debug|x64.Build.0 = Debug|x64
		{67B44812-8C16-415A-9C42-5042FEEFA106}.Debug|x86.ActiveCfg = Debug|Win32
		{67B44812-8C16-415A-9C42-5042FEEFA106}.Debug|x86.Build.0 = Debug|Win32
		{67B44812-8C16-415A-9C42-5042FEEFA106}.Release|x64.ActiveCfg = Release|x64
		{67B44812-8C16-415A-9C42-5042FEEFA106}.Release|x64.Build.0 = Release|x64
		{67B44812-8C16-415A-9C42-5042FEEFA106}.Release|x86.ActiveCfg = Release|Win32
		{67B44812-8C16-415A-9C42-5042FEEFA106}.Release|x86.Build.0 = Release|Win32
		{F3FF4E7F-169B-430F-A1FE-4190AD307A58}.Debug|x64.ActiveCfg = Debug|x64
		{F3FF4E7F-169B-430F-A1FE-4190AD307A58}.Debug|x64.Build.0 = Debug|x64
		{F3FF4E7F-169B-430F-A1FE-4190AD307A58}.Debug|x86.ActiveCfg = Debug|Win32
		{F3FF4E7F-169B-430F-A1FE-4190AD307A58}.Debug|x86.Build.0 = Debug|Win32
		{F3FF4E7F-169B-430F-A1FE-4190AD307A58}.Release|x64.ActiveCfg = Release|x64
		{F3FF4E7F-169B-430F-A1FE-4190AD307A58}.Release|x64.Build.0 = Release|x64
		{F3FF4E7F-169B-430F-A1FE-4190AD307A58}.Release|x86.ActiveCfg = Release|Win32
		{F3FF4E7F-169B-430F-A1FE-4190AD307A58}.Release|x86.Build.0 = Release|Win32
	EndGlobalSection
	GlobalSection(SolutionProperties) = preSolution
		HideSolutionNode = FALSE
	EndGlobalSection
	GlobalSection(ExtensibilityGlobals) = postSolution
		SolutionGuid = {8A03649C-C21B-4498-A4FF-65A30177D7DB}
	EndGlobalSection
EndGlobal
