
Microsoft Visual Studio Solution File, Format Version 12.00
# Visual Studio Version 16
VisualStudioVersion = 16.0.32802.440
MinimumVisualStudioVersion = 10.0.40219.1
Project("{8BC9CEB8-8B4A-11D0-8D11-00A0C91BC942}") = "LR17_v8_1", "LR17_v8\LR17_v8.vcxproj", "{ADB5E54E-4FE1-4EF9-AFB8-488753AD979F}"
EndProject
Project("{8BC9CEB8-8B4A-11D0-8D11-00A0C91BC942}") = "LR17_v8_2", "LR17_v8_2\LR17_v8_2.vcxproj", "{6E85ED7A-4575-4A37-8B28-ED95EAEBD11B}"
EndProject
Project("{8BC9CEB8-8B4A-11D0-8D11-00A0C91BC942}") = "LR17_v1_1", "LR17_v1_1\LR17_v1_1.vcxproj", "{EB1B68B9-E20C-4FF2-A274-F06EA13B1CD7}"
EndProject
Project("{8BC9CEB8-8B4A-11D0-8D11-00A0C91BC942}") = "LR17_v1_2", "LR17_v1_2\LR17_v1_2.vcxproj", "{64A2229D-9298-4CF4-8E09-28454097265E}"
EndProject
Project("{8BC9CEB8-8B4A-11D0-8D11-00A0C91BC942}") = "LR17_v3_1", "LR17_v3_1\LR17_v3_1.vcxproj", "{5FDA76DB-7414-4FE4-8ACB-081A56B71E66}"
EndProject
Project("{8BC9CEB8-8B4A-11D0-8D11-00A0C91BC942}") = "LR17_v3_2", "LR17_v3_2\LR17_v3_2.vcxproj", "{60C8E600-1717-4423-A30C-C1CDE4FC5028}"
EndProject
Project("{8BC9CEB8-8B4A-11D0-8D11-00A0C91BC942}") = "LR17_v4_1", "LR17_v4_1\LR17_v4_1.vcxproj", "{5338FF4E-2B3C-4407-8520-C83A6B8166C7}"
EndProject
Project("{8BC9CEB8-8B4A-11D0-8D11-00A0C91BC942}") = "LR17_v4_2", "LR17_v4_2\LR17_v4_2.vcxproj", "{9A4A3285-B040-48AF-9074-1C371402BDD6}"
EndProject
Global
	GlobalSection(SolutionConfigurationPlatforms) = preSolution
		Debug|x64 = Debug|x64
		Debug|x86 = Debug|x86
		Release|x64 = Release|x64
		Release|x86 = Release|x86
	EndGlobalSection
	GlobalSection(ProjectConfigurationPlatforms) = postSolution
		{ADB5E54E-4FE1-4EF9-AFB8-488753AD979F}.Debug|x64.ActiveCfg = Debug|x64
		{ADB5E54E-4FE1-4EF9-AFB8-488753AD979F}.Debug|x64.Build.0 = Debug|x64
		{ADB5E54E-4FE1-4EF9-AFB8-488753AD979F}.Debug|x86.ActiveCfg = Debug|Win32
		{ADB5E54E-4FE1-4EF9-AFB8-488753AD979F}.Debug|x86.Build.0 = Debug|Win32
		{ADB5E54E-4FE1-4EF9-AFB8-488753AD979F}.Release|x64.ActiveCfg = Release|x64
		{ADB5E54E-4FE1-4EF9-AFB8-488753AD979F}.Release|x64.Build.0 = Release|x64
		{ADB5E54E-4FE1-4EF9-AFB8-488753AD979F}.Release|x86.ActiveCfg = Release|Win32
		{ADB5E54E-4FE1-4EF9-AFB8-488753AD979F}.Release|x86.Build.0 = Release|Win32
		{6E85ED7A-4575-4A37-8B28-ED95EAEBD11B}.Debug|x64.ActiveCfg = Debug|x64
		{6E85ED7A-4575-4A37-8B28-ED95EAEBD11B}.Debug|x64.Build.0 = Debug|x64
		{6E85ED7A-4575-4A37-8B28-ED95EAEBD11B}.Debug|x86.ActiveCfg = Debug|Win32
		{6E85ED7A-4575-4A37-8B28-ED95EAEBD11B}.Debug|x86.Build.0 = Debug|Win32
		{6E85ED7A-4575-4A37-8B28-ED95EAEBD11B}.Release|x64.ActiveCfg = Release|x64
		{6E85ED7A-4575-4A37-8B28-ED95EAEBD11B}.Release|x64.Build.0 = Release|x64
		{6E85ED7A-4575-4A37-8B28-ED95EAEBD11B}.Release|x86.ActiveCfg = Release|Win32
		{6E85ED7A-4575-4A37-8B28-ED95EAEBD11B}.Release|x86.Build.0 = Release|Win32
		{EB1B68B9-E20C-4FF2-A274-F06EA13B1CD7}.Debug|x64.ActiveCfg = Debug|x64
		{EB1B68B9-E20C-4FF2-A274-F06EA13B1CD7}.Debug|x64.Build.0 = Debug|x64
		{EB1B68B9-E20C-4FF2-A274-F06EA13B1CD7}.Debug|x86.ActiveCfg = Debug|Win32
		{EB1B68B9-E20C-4FF2-A274-F06EA13B1CD7}.Debug|x86.Build.0 = Debug|Win32
		{EB1B68B9-E20C-4FF2-A274-F06EA13B1CD7}.Release|x64.ActiveCfg = Release|x64
		{EB1B68B9-E20C-4FF2-A274-F06EA13B1CD7}.Release|x64.Build.0 = Release|x64
		{EB1B68B9-E20C-4FF2-A274-F06EA13B1CD7}.Release|x86.ActiveCfg = Release|Win32
		{EB1B68B9-E20C-4FF2-A274-F06EA13B1CD7}.Release|x86.Build.0 = Release|Win32
		{64A2229D-9298-4CF4-8E09-28454097265E}.Debug|x64.ActiveCfg = Debug|x64
		{64A2229D-9298-4CF4-8E09-28454097265E}.Debug|x64.Build.0 = Debug|x64
		{64A2229D-9298-4CF4-8E09-28454097265E}.Debug|x86.ActiveCfg = Debug|Win32
		{64A2229D-9298-4CF4-8E09-28454097265E}.Debug|x86.Build.0 = Debug|Win32
		{64A2229D-9298-4CF4-8E09-28454097265E}.Release|x64.ActiveCfg = Release|x64
		{64A2229D-9298-4CF4-8E09-28454097265E}.Release|x64.Build.0 = Release|x64
		{64A2229D-9298-4CF4-8E09-28454097265E}.Release|x86.ActiveCfg = Release|Win32
		{64A2229D-9298-4CF4-8E09-28454097265E}.Release|x86.Build.0 = Release|Win32
		{5FDA76DB-7414-4FE4-8ACB-081A56B71E66}.Debug|x64.ActiveCfg = Debug|x64
		{5FDA76DB-7414-4FE4-8ACB-081A56B71E66}.Debug|x64.Build.0 = Debug|x64
		{5FDA76DB-7414-4FE4-8ACB-081A56B71E66}.Debug|x86.ActiveCfg = Debug|Win32
		{5FDA76DB-7414-4FE4-8ACB-081A56B71E66}.Debug|x86.Build.0 = Debug|Win32
		{5FDA76DB-7414-4FE4-8ACB-081A56B71E66}.Release|x64.ActiveCfg = Release|x64
		{5FDA76DB-7414-4FE4-8ACB-081A56B71E66}.Release|x64.Build.0 = Release|x64
		{5FDA76DB-7414-4FE4-8ACB-081A56B71E66}.Release|x86.ActiveCfg = Release|Win32
		{5FDA76DB-7414-4FE4-8ACB-081A56B71E66}.Release|x86.Build.0 = Release|Win32
		{60C8E600-1717-4423-A30C-C1CDE4FC5028}.Debug|x64.ActiveCfg = Debug|x64
		{60C8E600-1717-4423-A30C-C1CDE4FC5028}.Debug|x64.Build.0 = Debug|x64
		{60C8E600-1717-4423-A30C-C1CDE4FC5028}.Debug|x86.ActiveCfg = Debug|Win32
		{60C8E600-1717-4423-A30C-C1CDE4FC5028}.Debug|x86.Build.0 = Debug|Win32
		{60C8E600-1717-4423-A30C-C1CDE4FC5028}.Release|x64.ActiveCfg = Release|x64
		{60C8E600-1717-4423-A30C-C1CDE4FC5028}.Release|x64.Build.0 = Release|x64
		{60C8E600-1717-4423-A30C-C1CDE4FC5028}.Release|x86.ActiveCfg = Release|Win32
		{60C8E600-1717-4423-A30C-C1CDE4FC5028}.Release|x86.Build.0 = Release|Win32
		{5338FF4E-2B3C-4407-8520-C83A6B8166C7}.Debug|x64.ActiveCfg = Debug|x64
		{5338FF4E-2B3C-4407-8520-C83A6B8166C7}.Debug|x64.Build.0 = Debug|x64
		{5338FF4E-2B3C-4407-8520-C83A6B8166C7}.Debug|x86.ActiveCfg = Debug|Win32
		{5338FF4E-2B3C-4407-8520-C83A6B8166C7}.Debug|x86.Build.0 = Debug|Win32
		{5338FF4E-2B3C-4407-8520-C83A6B8166C7}.Release|x64.ActiveCfg = Release|x64
		{5338FF4E-2B3C-4407-8520-C83A6B8166C7}.Release|x64.Build.0 = Release|x64
		{5338FF4E-2B3C-4407-8520-C83A6B8166C7}.Release|x86.ActiveCfg = Release|Win32
		{5338FF4E-2B3C-4407-8520-C83A6B8166C7}.Release|x86.Build.0 = Release|Win32
		{9A4A3285-B040-48AF-9074-1C371402BDD6}.Debug|x64.ActiveCfg = Debug|x64
		{9A4A3285-B040-48AF-9074-1C371402BDD6}.Debug|x64.Build.0 = Debug|x64
		{9A4A3285-B040-48AF-9074-1C371402BDD6}.Debug|x86.ActiveCfg = Debug|Win32
		{9A4A3285-B040-48AF-9074-1C371402BDD6}.Debug|x86.Build.0 = Debug|Win32
		{9A4A3285-B040-48AF-9074-1C371402BDD6}.Release|x64.ActiveCfg = Release|x64
		{9A4A3285-B040-48AF-9074-1C371402BDD6}.Release|x64.Build.0 = Release|x64
		{9A4A3285-B040-48AF-9074-1C371402BDD6}.Release|x86.ActiveCfg = Release|Win32
		{9A4A3285-B040-48AF-9074-1C371402BDD6}.Release|x86.Build.0 = Release|Win32
	EndGlobalSection
	GlobalSection(SolutionProperties) = preSolution
		HideSolutionNode = FALSE
	EndGlobalSection
	GlobalSection(ExtensibilityGlobals) = postSolution
		SolutionGuid = {E726661C-F5A1-46B9-8732-527E817FCCFE}
	EndGlobalSection
EndGlobal
