
Microsoft Visual Studio Solution File, Format Version 12.00
# Visual Studio Version 16
VisualStudioVersion = 16.0.32802.440
MinimumVisualStudioVersion = 10.0.40219.1
Project("{8BC9CEB8-8B4A-11D0-8D11-00A0C91BC942}") = "LR9_v8_5_1", "LR9_5\LR9_5.vcxproj", "{71526CD1-D570-4CB3-A43E-9EC87D2CC1C1}"
EndProject
Project("{8BC9CEB8-8B4A-11D0-8D11-00A0C91BC942}") = "LR9_v8_5_2", "LR9_5_2\LR9_5_2.vcxproj", "{2E2F2CA5-1429-4591-AC56-C9323E2244C3}"
EndProject
Project("{8BC9CEB8-8B4A-11D0-8D11-00A0C91BC942}") = "LR9_v8_6", "LR9_6_1\LR9_6_1.vcxproj", "{08F0121F-CD5D-4BD9-8B15-21F999F7FAB1}"
EndProject
Project("{8BC9CEB8-8B4A-11D0-8D11-00A0C91BC942}") = "LR9_v11_5_1", "LR9_v11_5_1\LR9_v11_5_1.vcxproj", "{B3F38021-4C9D-4076-AA3A-DEF1B5DD703E}"
EndProject
Project("{8BC9CEB8-8B4A-11D0-8D11-00A0C91BC942}") = "LR9_v11_5_2", "LR9_v11_5_2\LR9_v11_5_2.vcxproj", "{4CC9B46A-54CE-47C0-B90A-EB976F3FBF82}"
EndProject
Project("{8BC9CEB8-8B4A-11D0-8D11-00A0C91BC942}") = "LR9_v11_6", "LR9_v11_6\LR9_v11_6.vcxproj", "{5EB6FC39-583F-4F5E-9FC3-9FC589F40346}"
EndProject
Project("{8BC9CEB8-8B4A-11D0-8D11-00A0C91BC942}") = "LR9_v10_5_1", "LR9_v10_5_1\LR9_v10_5_1.vcxproj", "{1A4ED883-686C-4ADD-B380-22C4C1AF21BE}"
EndProject
Project("{8BC9CEB8-8B4A-11D0-8D11-00A0C91BC942}") = "LR9_v10_5_2", "LR9_v10_5_2\LR9_v10_5_2.vcxproj", "{95C311C4-5D4D-42C7-A8CE-D2B0FFCE8B31}"
EndProject
Project("{8BC9CEB8-8B4A-11D0-8D11-00A0C91BC942}") = "LR9_v10_6", "LR9_v10_6\LR9_v10_6.vcxproj", "{658A3083-9D6A-4B3A-8890-487109BA6E3D}"
EndProject
Project("{8BC9CEB8-8B4A-11D0-8D11-00A0C91BC942}") = "LR9_v5_5_1", "LR9_v5_5_1\LR9_v5_5_1.vcxproj", "{1F055F0C-409C-47CC-BC74-D0238CFA4C90}"
EndProject
Project("{8BC9CEB8-8B4A-11D0-8D11-00A0C91BC942}") = "LR9_v5_5_2", "LR9_v5_5_2\LR9_v5_5_2.vcxproj", "{241C4CB0-C759-437A-BB8B-0D32760DAF14}"
EndProject
Project("{8BC9CEB8-8B4A-11D0-8D11-00A0C91BC942}") = "LR9_v5_6", "LR9_v5_6\LR9_v5_6.vcxproj", "{BB1FCE39-74E9-4AD6-A3AF-63CC25786554}"
EndProject
Global
	GlobalSection(SolutionConfigurationPlatforms) = preSolution
		Debug|x64 = Debug|x64
		Debug|x86 = Debug|x86
		Release|x64 = Release|x64
		Release|x86 = Release|x86
	EndGlobalSection
	GlobalSection(ProjectConfigurationPlatforms) = postSolution
		{71526CD1-D570-4CB3-A43E-9EC87D2CC1C1}.Debug|x64.ActiveCfg = Debug|x64
		{71526CD1-D570-4CB3-A43E-9EC87D2CC1C1}.Debug|x64.Build.0 = Debug|x64
		{71526CD1-D570-4CB3-A43E-9EC87D2CC1C1}.Debug|x86.ActiveCfg = Debug|Win32
		{71526CD1-D570-4CB3-A43E-9EC87D2CC1C1}.Debug|x86.Build.0 = Debug|Win32
		{71526CD1-D570-4CB3-A43E-9EC87D2CC1C1}.Release|x64.ActiveCfg = Release|x64
		{71526CD1-D570-4CB3-A43E-9EC87D2CC1C1}.Release|x64.Build.0 = Release|x64
		{71526CD1-D570-4CB3-A43E-9EC87D2CC1C1}.Release|x86.ActiveCfg = Release|Win32
		{71526CD1-D570-4CB3-A43E-9EC87D2CC1C1}.Release|x86.Build.0 = Release|Win32
		{2E2F2CA5-1429-4591-AC56-C9323E2244C3}.Debug|x64.ActiveCfg = Debug|x64
		{2E2F2CA5-1429-4591-AC56-C9323E2244C3}.Debug|x64.Build.0 = Debug|x64
		{2E2F2CA5-1429-4591-AC56-C9323E2244C3}.Debug|x86.ActiveCfg = Debug|Win32
		{2E2F2CA5-1429-4591-AC56-C9323E2244C3}.Debug|x86.Build.0 = Debug|Win32
		{2E2F2CA5-1429-4591-AC56-C9323E2244C3}.Release|x64.ActiveCfg = Release|x64
		{2E2F2CA5-1429-4591-AC56-C9323E2244C3}.Release|x64.Build.0 = Release|x64
		{2E2F2CA5-1429-4591-AC56-C9323E2244C3}.Release|x86.ActiveCfg = Release|Win32
		{2E2F2CA5-1429-4591-AC56-C9323E2244C3}.Release|x86.Build.0 = Release|Win32
		{08F0121F-CD5D-4BD9-8B15-21F999F7FAB1}.Debug|x64.ActiveCfg = Debug|x64
		{08F0121F-CD5D-4BD9-8B15-21F999F7FAB1}.Debug|x64.Build.0 = Debug|x64
		{08F0121F-CD5D-4BD9-8B15-21F999F7FAB1}.Debug|x86.ActiveCfg = Debug|Win32
		{08F0121F-CD5D-4BD9-8B15-21F999F7FAB1}.Debug|x86.Build.0 = Debug|Win32
		{08F0121F-CD5D-4BD9-8B15-21F999F7FAB1}.Release|x64.ActiveCfg = Release|x64
		{08F0121F-CD5D-4BD9-8B15-21F999F7FAB1}.Release|x64.Build.0 = Release|x64
		{08F0121F-CD5D-4BD9-8B15-21F999F7FAB1}.Release|x86.ActiveCfg = Release|Win32
		{08F0121F-CD5D-4BD9-8B15-21F999F7FAB1}.Release|x86.Build.0 = Release|Win32
		{B3F38021-4C9D-4076-AA3A-DEF1B5DD703E}.Debug|x64.ActiveCfg = Debug|x64
		{B3F38021-4C9D-4076-AA3A-DEF1B5DD703E}.Debug|x64.Build.0 = Debug|x64
		{B3F38021-4C9D-4076-AA3A-DEF1B5DD703E}.Debug|x86.ActiveCfg = Debug|Win32
		{B3F38021-4C9D-4076-AA3A-DEF1B5DD703E}.Debug|x86.Build.0 = Debug|Win32
		{B3F38021-4C9D-4076-AA3A-DEF1B5DD703E}.Release|x64.ActiveCfg = Release|x64
		{B3F38021-4C9D-4076-AA3A-DEF1B5DD703E}.Release|x64.Build.0 = Release|x64
		{B3F38021-4C9D-4076-AA3A-DEF1B5DD703E}.Release|x86.ActiveCfg = Release|Win32
		{B3F38021-4C9D-4076-AA3A-DEF1B5DD703E}.Release|x86.Build.0 = Release|Win32
		{4CC9B46A-54CE-47C0-B90A-EB976F3FBF82}.Debug|x64.ActiveCfg = Debug|x64
		{4CC9B46A-54CE-47C0-B90A-EB976F3FBF82}.Debug|x64.Build.0 = Debug|x64
		{4CC9B46A-54CE-47C0-B90A-EB976F3FBF82}.Debug|x86.ActiveCfg = Debug|Win32
		{4CC9B46A-54CE-47C0-B90A-EB976F3FBF82}.Debug|x86.Build.0 = Debug|Win32
		{4CC9B46A-54CE-47C0-B90A-EB976F3FBF82}.Release|x64.ActiveCfg = Release|x64
		{4CC9B46A-54CE-47C0-B90A-EB976F3FBF82}.Release|x64.Build.0 = Release|x64
		{4CC9B46A-54CE-47C0-B90A-EB976F3FBF82}.Release|x86.ActiveCfg = Release|Win32
		{4CC9B46A-54CE-47C0-B90A-EB976F3FBF82}.Release|x86.Build.0 = Release|Win32
		{5EB6FC39-583F-4F5E-9FC3-9FC589F40346}.Debug|x64.ActiveCfg = Debug|x64
		{5EB6FC39-583F-4F5E-9FC3-9FC589F40346}.Debug|x64.Build.0 = Debug|x64
		{5EB6FC39-583F-4F5E-9FC3-9FC589F40346}.Debug|x86.ActiveCfg = Debug|Win32
		{5EB6FC39-583F-4F5E-9FC3-9FC589F40346}.Debug|x86.Build.0 = Debug|Win32
		{5EB6FC39-583F-4F5E-9FC3-9FC589F40346}.Release|x64.ActiveCfg = Release|x64
		{5EB6FC39-583F-4F5E-9FC3-9FC589F40346}.Release|x64.Build.0 = Release|x64
		{5EB6FC39-583F-4F5E-9FC3-9FC589F40346}.Release|x86.ActiveCfg = Release|Win32
		{5EB6FC39-583F-4F5E-9FC3-9FC589F40346}.Release|x86.Build.0 = Release|Win32
		{1A4ED883-686C-4ADD-B380-22C4C1AF21BE}.Debug|x64.ActiveCfg = Debug|x64
		{1A4ED883-686C-4ADD-B380-22C4C1AF21BE}.Debug|x64.Build.0 = Debug|x64
		{1A4ED883-686C-4ADD-B380-22C4C1AF21BE}.Debug|x86.ActiveCfg = Debug|Win32
		{1A4ED883-686C-4ADD-B380-22C4C1AF21BE}.Debug|x86.Build.0 = Debug|Win32
		{1A4ED883-686C-4ADD-B380-22C4C1AF21BE}.Release|x64.ActiveCfg = Release|x64
		{1A4ED883-686C-4ADD-B380-22C4C1AF21BE}.Release|x64.Build.0 = Release|x64
		{1A4ED883-686C-4ADD-B380-22C4C1AF21BE}.Release|x86.ActiveCfg = Release|Win32
		{1A4ED883-686C-4ADD-B380-22C4C1AF21BE}.Release|x86.Build.0 = Release|Win32
		{95C311C4-5D4D-42C7-A8CE-D2B0FFCE8B31}.Debug|x64.ActiveCfg = Debug|x64
		{95C311C4-5D4D-42C7-A8CE-D2B0FFCE8B31}.Debug|x64.Build.0 = Debug|x64
		{95C311C4-5D4D-42C7-A8CE-D2B0FFCE8B31}.Debug|x86.ActiveCfg = Debug|Win32
		{95C311C4-5D4D-42C7-A8CE-D2B0FFCE8B31}.Debug|x86.Build.0 = Debug|Win32
		{95C311C4-5D4D-42C7-A8CE-D2B0FFCE8B31}.Release|x64.ActiveCfg = Release|x64
		{95C311C4-5D4D-42C7-A8CE-D2B0FFCE8B31}.Release|x64.Build.0 = Release|x64
		{95C311C4-5D4D-42C7-A8CE-D2B0FFCE8B31}.Release|x86.ActiveCfg = Release|Win32
		{95C311C4-5D4D-42C7-A8CE-D2B0FFCE8B31}.Release|x86.Build.0 = Release|Win32
		{658A3083-9D6A-4B3A-8890-487109BA6E3D}.Debug|x64.ActiveCfg = Debug|x64
		{658A3083-9D6A-4B3A-8890-487109BA6E3D}.Debug|x64.Build.0 = Debug|x64
		{658A3083-9D6A-4B3A-8890-487109BA6E3D}.Debug|x86.ActiveCfg = Debug|Win32
		{658A3083-9D6A-4B3A-8890-487109BA6E3D}.Debug|x86.Build.0 = Debug|Win32
		{658A3083-9D6A-4B3A-8890-487109BA6E3D}.Release|x64.ActiveCfg = Release|x64
		{658A3083-9D6A-4B3A-8890-487109BA6E3D}.Release|x64.Build.0 = Release|x64
		{658A3083-9D6A-4B3A-8890-487109BA6E3D}.Release|x86.ActiveCfg = Release|Win32
		{658A3083-9D6A-4B3A-8890-487109BA6E3D}.Release|x86.Build.0 = Release|Win32
		{1F055F0C-409C-47CC-BC74-D0238CFA4C90}.Debug|x64.ActiveCfg = Debug|x64
		{1F055F0C-409C-47CC-BC74-D0238CFA4C90}.Debug|x64.Build.0 = Debug|x64
		{1F055F0C-409C-47CC-BC74-D0238CFA4C90}.Debug|x86.ActiveCfg = Debug|Win32
		{1F055F0C-409C-47CC-BC74-D0238CFA4C90}.Debug|x86.Build.0 = Debug|Win32
		{1F055F0C-409C-47CC-BC74-D0238CFA4C90}.Release|x64.ActiveCfg = Release|x64
		{1F055F0C-409C-47CC-BC74-D0238CFA4C90}.Release|x64.Build.0 = Release|x64
		{1F055F0C-409C-47CC-BC74-D0238CFA4C90}.Release|x86.ActiveCfg = Release|Win32
		{1F055F0C-409C-47CC-BC74-D0238CFA4C90}.Release|x86.Build.0 = Release|Win32
		{241C4CB0-C759-437A-BB8B-0D32760DAF14}.Debug|x64.ActiveCfg = Debug|x64
		{241C4CB0-C759-437A-BB8B-0D32760DAF14}.Debug|x64.Build.0 = Debug|x64
		{241C4CB0-C759-437A-BB8B-0D32760DAF14}.Debug|x86.ActiveCfg = Debug|Win32
		{241C4CB0-C759-437A-BB8B-0D32760DAF14}.Debug|x86.Build.0 = Debug|Win32
		{241C4CB0-C759-437A-BB8B-0D32760DAF14}.Release|x64.ActiveCfg = Release|x64
		{241C4CB0-C759-437A-BB8B-0D32760DAF14}.Release|x64.Build.0 = Release|x64
		{241C4CB0-C759-437A-BB8B-0D32760DAF14}.Release|x86.ActiveCfg = Release|Win32
		{241C4CB0-C759-437A-BB8B-0D32760DAF14}.Release|x86.Build.0 = Release|Win32
		{BB1FCE39-74E9-4AD6-A3AF-63CC25786554}.Debug|x64.ActiveCfg = Debug|x64
		{BB1FCE39-74E9-4AD6-A3AF-63CC25786554}.Debug|x64.Build.0 = Debug|x64
		{BB1FCE39-74E9-4AD6-A3AF-63CC25786554}.Debug|x86.ActiveCfg = Debug|Win32
		{BB1FCE39-74E9-4AD6-A3AF-63CC25786554}.Debug|x86.Build.0 = Debug|Win32
		{BB1FCE39-74E9-4AD6-A3AF-63CC25786554}.Release|x64.ActiveCfg = Release|x64
		{BB1FCE39-74E9-4AD6-A3AF-63CC25786554}.Release|x64.Build.0 = Release|x64
		{BB1FCE39-74E9-4AD6-A3AF-63CC25786554}.Release|x86.ActiveCfg = Release|Win32
		{BB1FCE39-74E9-4AD6-A3AF-63CC25786554}.Release|x86.Build.0 = Release|Win32
	EndGlobalSection
	GlobalSection(SolutionProperties) = preSolution
		HideSolutionNode = FALSE
	EndGlobalSection
	GlobalSection(ExtensibilityGlobals) = postSolution
		SolutionGuid = {A4AE61D8-79B3-4F3D-843A-B31917A23812}
	EndGlobalSection
EndGlobal
