
Microsoft Visual Studio Solution File, Format Version 12.00
# Visual Studio Version 16
VisualStudioVersion = 16.0.32802.440
MinimumVisualStudioVersion = 10.0.40219.1
Project("{8BC9CEB8-8B4A-11D0-8D11-00A0C91BC942}") = "LR15_v8_1", "LR15_v8_1\LR15_v8_1.vcxproj", "{0ACFBF3E-6D50-4891-B2FA-6DEADB584283}"
EndProject
Project("{8BC9CEB8-8B4A-11D0-8D11-00A0C91BC942}") = "LR15_v8_2", "LR15_v8_2\LR15_v8_2.vcxproj", "{784115A5-1E80-4265-96D0-A00D79FE04C5}"
EndProject
Project("{8BC9CEB8-8B4A-11D0-8D11-00A0C91BC942}") = "LR15_v1_1", "LR15_v1_1\LR15_v1_1.vcxproj", "{74DC1E88-6367-4AFA-832A-8661572EE269}"
EndProject
Project("{8BC9CEB8-8B4A-11D0-8D11-00A0C91BC942}") = "LR15_v1_2", "LR15_v1_2\LR15_v1_2.vcxproj", "{D54B3208-3174-4FD7-A707-D2C57C3D90C3}"
EndProject
Project("{8BC9CEB8-8B4A-11D0-8D11-00A0C91BC942}") = "LR15_v2_1", "LR15_v2_1\LR15_v2_1.vcxproj", "{0BB2F36A-559F-46F9-8077-875437762508}"
EndProject
Project("{8BC9CEB8-8B4A-11D0-8D11-00A0C91BC942}") = "LR15_v2_2", "LR15_v2_2\LR15_v2_2.vcxproj", "{B7D7E2C7-F049-42CB-A066-7889DC3A8861}"
EndProject
Project("{8BC9CEB8-8B4A-11D0-8D11-00A0C91BC942}") = "LR15_v3_1", "LR15_v3_1\LR15_v3_1.vcxproj", "{CED2C847-5810-46DF-AE5D-4395F7925280}"
EndProject
Project("{8BC9CEB8-8B4A-11D0-8D11-00A0C91BC942}") = "LR15_v3_2", "LR15_v3_2\LR15_v3_2.vcxproj", "{113B4D5C-716E-4399-8CD8-C5B2C6881ABC}"
EndProject
Global
	GlobalSection(SolutionConfigurationPlatforms) = preSolution
		Debug|x64 = Debug|x64
		Debug|x86 = Debug|x86
		Release|x64 = Release|x64
		Release|x86 = Release|x86
	EndGlobalSection
	GlobalSection(ProjectConfigurationPlatforms) = postSolution
		{0ACFBF3E-6D50-4891-B2FA-6DEADB584283}.Debug|x64.ActiveCfg = Debug|x64
		{0ACFBF3E-6D50-4891-B2FA-6DEADB584283}.Debug|x64.Build.0 = Debug|x64
		{0ACFBF3E-6D50-4891-B2FA-6DEADB584283}.Debug|x86.ActiveCfg = Debug|Win32
		{0ACFBF3E-6D50-4891-B2FA-6DEADB584283}.Debug|x86.Build.0 = Debug|Win32
		{0ACFBF3E-6D50-4891-B2FA-6DEADB584283}.Release|x64.ActiveCfg = Release|x64
		{0ACFBF3E-6D50-4891-B2FA-6DEADB584283}.Release|x64.Build.0 = Release|x64
		{0ACFBF3E-6D50-4891-B2FA-6DEADB584283}.Release|x86.ActiveCfg = Release|Win32
		{0ACFBF3E-6D50-4891-B2FA-6DEADB584283}.Release|x86.Build.0 = Release|Win32
		{784115A5-1E80-4265-96D0-A00D79FE04C5}.Debug|x64.ActiveCfg = Debug|x64
		{784115A5-1E80-4265-96D0-A00D79FE04C5}.Debug|x64.Build.0 = Debug|x64
		{784115A5-1E80-4265-96D0-A00D79FE04C5}.Debug|x86.ActiveCfg = Debug|Win32
		{784115A5-1E80-4265-96D0-A00D79FE04C5}.Debug|x86.Build.0 = Debug|Win32
		{784115A5-1E80-4265-96D0-A00D79FE04C5}.Release|x64.ActiveCfg = Release|x64
		{784115A5-1E80-4265-96D0-A00D79FE04C5}.Release|x64.Build.0 = Release|x64
		{784115A5-1E80-4265-96D0-A00D79FE04C5}.Release|x86.ActiveCfg = Release|Win32
		{784115A5-1E80-4265-96D0-A00D79FE04C5}.Release|x86.Build.0 = Release|Win32
		{74DC1E88-6367-4AFA-832A-8661572EE269}.Debug|x64.ActiveCfg = Debug|x64
		{74DC1E88-6367-4AFA-832A-8661572EE269}.Debug|x64.Build.0 = Debug|x64
		{74DC1E88-6367-4AFA-832A-8661572EE269}.Debug|x86.ActiveCfg = Debug|Win32
		{74DC1E88-6367-4AFA-832A-8661572EE269}.Debug|x86.Build.0 = Debug|Win32
		{74DC1E88-6367-4AFA-832A-8661572EE269}.Release|x64.ActiveCfg = Release|x64
		{74DC1E88-6367-4AFA-832A-8661572EE269}.Release|x64.Build.0 = Release|x64
		{74DC1E88-6367-4AFA-832A-8661572EE269}.Release|x86.ActiveCfg = Release|Win32
		{74DC1E88-6367-4AFA-832A-8661572EE269}.Release|x86.Build.0 = Release|Win32
		{D54B3208-3174-4FD7-A707-D2C57C3D90C3}.Debug|x64.ActiveCfg = Debug|x64
		{D54B3208-3174-4FD7-A707-D2C57C3D90C3}.Debug|x64.Build.0 = Debug|x64
		{D54B3208-3174-4FD7-A707-D2C57C3D90C3}.Debug|x86.ActiveCfg = Debug|Win32
		{D54B3208-3174-4FD7-A707-D2C57C3D90C3}.Debug|x86.Build.0 = Debug|Win32
		{D54B3208-3174-4FD7-A707-D2C57C3D90C3}.Release|x64.ActiveCfg = Release|x64
		{D54B3208-3174-4FD7-A707-D2C57C3D90C3}.Release|x64.Build.0 = Release|x64
		{D54B3208-3174-4FD7-A707-D2C57C3D90C3}.Release|x86.ActiveCfg = Release|Win32
		{D54B3208-3174-4FD7-A707-D2C57C3D90C3}.Release|x86.Build.0 = Release|Win32
		{0BB2F36A-559F-46F9-8077-875437762508}.Debug|x64.ActiveCfg = Debug|x64
		{0BB2F36A-559F-46F9-8077-875437762508}.Debug|x64.Build.0 = Debug|x64
		{0BB2F36A-559F-46F9-8077-875437762508}.Debug|x86.ActiveCfg = Debug|Win32
		{0BB2F36A-559F-46F9-8077-875437762508}.Debug|x86.Build.0 = Debug|Win32
		{0BB2F36A-559F-46F9-8077-875437762508}.Release|x64.ActiveCfg = Release|x64
		{0BB2F36A-559F-46F9-8077-875437762508}.Release|x64.Build.0 = Release|x64
		{0BB2F36A-559F-46F9-8077-875437762508}.Release|x86.ActiveCfg = Release|Win32
		{0BB2F36A-559F-46F9-8077-875437762508}.Release|x86.Build.0 = Release|Win32
		{B7D7E2C7-F049-42CB-A066-7889DC3A8861}.Debug|x64.ActiveCfg = Debug|x64
		{B7D7E2C7-F049-42CB-A066-7889DC3A8861}.Debug|x64.Build.0 = Debug|x64
		{B7D7E2C7-F049-42CB-A066-7889DC3A8861}.Debug|x86.ActiveCfg = Debug|Win32
		{B7D7E2C7-F049-42CB-A066-7889DC3A8861}.Debug|x86.Build.0 = Debug|Win32
		{B7D7E2C7-F049-42CB-A066-7889DC3A8861}.Release|x64.ActiveCfg = Release|x64
		{B7D7E2C7-F049-42CB-A066-7889DC3A8861}.Release|x64.Build.0 = Release|x64
		{B7D7E2C7-F049-42CB-A066-7889DC3A8861}.Release|x86.ActiveCfg = Release|Win32
		{B7D7E2C7-F049-42CB-A066-7889DC3A8861}.Release|x86.Build.0 = Release|Win32
		{CED2C847-5810-46DF-AE5D-4395F7925280}.Debug|x64.ActiveCfg = Debug|x64
		{CED2C847-5810-46DF-AE5D-4395F7925280}.Debug|x64.Build.0 = Debug|x64
		{CED2C847-5810-46DF-AE5D-4395F7925280}.Debug|x86.ActiveCfg = Debug|Win32
		{CED2C847-5810-46DF-AE5D-4395F7925280}.Debug|x86.Build.0 = Debug|Win32
		{CED2C847-5810-46DF-AE5D-4395F7925280}.Release|x64.ActiveCfg = Release|x64
		{CED2C847-5810-46DF-AE5D-4395F7925280}.Release|x64.Build.0 = Release|x64
		{CED2C847-5810-46DF-AE5D-4395F7925280}.Release|x86.ActiveCfg = Release|Win32
		{CED2C847-5810-46DF-AE5D-4395F7925280}.Release|x86.Build.0 = Release|Win32
		{113B4D5C-716E-4399-8CD8-C5B2C6881ABC}.Debug|x64.ActiveCfg = Debug|x64
		{113B4D5C-716E-4399-8CD8-C5B2C6881ABC}.Debug|x64.Build.0 = Debug|x64
		{113B4D5C-716E-4399-8CD8-C5B2C6881ABC}.Debug|x86.ActiveCfg = Debug|Win32
		{113B4D5C-716E-4399-8CD8-C5B2C6881ABC}.Debug|x86.Build.0 = Debug|Win32
		{113B4D5C-716E-4399-8CD8-C5B2C6881ABC}.Release|x64.ActiveCfg = Release|x64
		{113B4D5C-716E-4399-8CD8-C5B2C6881ABC}.Release|x64.Build.0 = Release|x64
		{113B4D5C-716E-4399-8CD8-C5B2C6881ABC}.Release|x86.ActiveCfg = Release|Win32
		{113B4D5C-716E-4399-8CD8-C5B2C6881ABC}.Release|x86.Build.0 = Release|Win32
	EndGlobalSection
	GlobalSection(SolutionProperties) = preSolution
		HideSolutionNode = FALSE
	EndGlobalSection
	GlobalSection(ExtensibilityGlobals) = postSolution
		SolutionGuid = {A7A3A56B-32DF-45EC-BCC9-F9B949D596CD}
	EndGlobalSection
EndGlobal
